<?xml version="1.0" encoding="utf-8"?>
<Project ToolsVersion="4.0" xmlns="http://schemas.microsoft.com/developer/msbuild/2003">
  <ItemGroup>
    <Filter Include="Source Files">
      <UniqueIdentifier>{4FC737F1-C7A5-4376-A066-2A32D752A2FF}</UniqueIdentifier>
      <Extensions>cpp;c;cc;cxx;def;odl;idl;hpj;bat;asm;asmx</Extensions>
    </Filter>
    <Filter Include="Header Files">
      <UniqueIdentifier>{93995380-89BD-4b04-88EB-625FBE52EBFB}</UniqueIdentifier>
      <Extensions>h;hpp;hxx;hm;inl;inc;xsd</Extensions>
    </Filter>
    <Filter Include="Resource Files">
      <UniqueIdentifier>{67DA6AB6-F800-4c08-8B7A-83BB121AAD01}</UniqueIdentifier>
      <Extensions>rc;ico;cur;bmp;dlg;rc2;rct;bin;rgs;gif;jpg;jpeg;jpe;resx;tiff;tif;png;wav;mfcribbon-ms</Extensions>
    </Filter>
    <Filter Include="Source Files\GUI">
      <UniqueIdentifier>{edbb0597-3b5f-47eb-bb1d-d15a1b0a5294}</UniqueIdentifier>
    </Filter>
  </ItemGroup>
  <ItemGroup>
    <ClInclude Include="targetver.h">
      <Filter>Header Files</Filter>
    </ClInclude>
    <ClInclude Include="http.h">
      <Filter>Source Files</Filter>
    </ClInclude>
    <ClInclude Include="Charset.h">
      <Filter>Source Files</Filter>
    </ClInclude>
    <ClInclude Include="SQLite.h">
      <Filter>Source Files</Filter>
    </ClInclude>
    <ClInclude Include="MyUtil.h">
      <Filter>Source Files</Filter>
    </ClInclude>
    <ClInclude Include="RssManager.h">
      <Filter>Source Files</Filter>
    </ClInclude>
    <ClInclude Include="GUI\MainDlg.h">
      <Filter>Source Files\GUI</Filter>
    </ClInclude>
    <ClInclude Include="GuiPch.h">
      <Filter>Source Files\GUI</Filter>
    </ClInclude>
    <ClInclude Include="stdpch.h">
      <Filter>Source Files</Filter>
    </ClInclude>
    <ClInclude Include="resource.h">
      <Filter>Header Files</Filter>
    </ClInclude>
    <ClInclude Include="GUI\NewRss.h">
      <Filter>Source Files\GUI</Filter>
    </ClInclude>
  </ItemGroup>
  <ItemGroup>
    <ClCompile Include="http.cpp">
      <Filter>Source Files</Filter>
    </ClCompile>
    <ClCompile Include="Charset.cpp">
      <Filter>Source Files</Filter>
    </ClCompile>
    <ClCompile Include="SQLite.cpp">
      <Filter>Source Files</Filter>
    </ClCompile>
    <ClCompile Include="MyUtil.cpp">
      <Filter>Source Files</Filter>
    </ClCompile>
    <ClCompile Include="RssManager.cpp">
      <Filter>Source Files</Filter>
    </ClCompile>
    <ClCompile Include="GUI\MainDlg.cpp">
      <Filter>Source Files\GUI</Filter>
    </ClCompile>
    <ClCompile Include="GuiPch.cpp">
      <Filter>Source Files\GUI</Filter>
    </ClCompile>
    <ClCompile Include="stdpch.cpp">
      <Filter>Source Files</Filter>
    </ClCompile>
    <ClCompile Include="GUI\NewRss.cpp">
      <Filter>Source Files\GUI</Filter>
    </ClCompile>
  </ItemGroup>
  <ItemGroup>
    <Text Include="ReadMe.txt">
      <Filter>Resource Files</Filter>
    </Text>
  </ItemGroup>
  <ItemGroup>
    <ResourceCompile Include="TinyRss.rc">
      <Filter>Resource Files</Filter>
    </ResourceCompile>
  </ItemGroup>
</Project>